lockfileVersion: '9.0'

settings:
  autoInstallPeers: true
  excludeLinksFromLockfile: false

importers:

  .:
    dependencies:
      vue:
        specifier: ^3.3.11
        version: 3.4.3(typescript@5.3.3)
    devDependencies:
      '@vitejs/plugin-vue':
        specifier: ^4.5.2
        version: 4.6.2(vite@5.0.10)(vue@3.4.3)
      typescript:
        specifier: ^5.2.2
        version: 5.3.3
      vite:
        specifier: ^5.0.8
        version: 5.0.10
      vite-plugin-dts:
        specifier: ^3.7.0
        version: 3.7.0(typescript@5.3.3)(vite@5.0.10)
      vue-tsc:
        specifier: ^1.8.25
        version: 1.8.27(typescript@5.3.3)

packages:

  '@babel/helper-string-parser@7.23.4':
    resolution: {integrity: sha512-803gmbQdqwdf4olxrX4AJyFBV/RTr3rSmOj0rKwesmzlfhYNDEs+/iOcznzpNWlJlIlTJC2QfPFcHB6DlzdVLQ==, tarball: https://registry.npmmirror.com/@babel/helper-string-parser/-/helper-string-parser-7.23.4.tgz}
    engines: {node: '>=6.9.0'}

  '@babel/helper-validator-identifier@7.22.20':
    resolution: {integrity: sha512-Y4OZ+ytlatR8AI+8KZfKuL5urKp7qey08ha31L8b3BwewJAoJamTzyvxPR/5D+KkdJCGPq/+8TukHBlY10FX9A==, tarball: https://registry.npmmirror.com/@babel/helper-validator-identifier/-/helper-validator-identifier-7.22.20.tgz}
    engines: {node: '>=6.9.0'}

  '@babel/parser@7.23.6':
    resolution: {integrity: sha512-Z2uID7YJ7oNvAI20O9X0bblw7Qqs8Q2hFy0R9tAfnfLkp5MW0UH9eUvnDSnFwKZ0AvgS1ucqR4KzvVHgnke1VQ==, tarball: https://registry.npmmirror.com/@babel/parser/-/parser-7.23.6.tgz}
    engines: {node: '>=6.0.0'}
    hasBin: true

  '@babel/types@7.23.6':
    resolution: {integrity: sha512-+uarb83brBzPKN38NX1MkB6vb6+mwvR6amUulqAE7ccQw1pEl+bCia9TbdG1lsnFP7lZySvUn37CHyXQdfTwzg==, tarball: https://registry.npmmirror.com/@babel/types/-/types-7.23.6.tgz}
    engines: {node: '>=6.9.0'}

  '@esbuild/aix-ppc64@0.19.11':
    resolution: {integrity: sha512-FnzU0LyE3ySQk7UntJO4+qIiQgI7KoODnZg5xzXIrFJlKd2P2gwHsHY4927xj9y5PJmJSzULiUCWmv7iWnNa7g==, tarball: https://registry.npmmirror.com/@esbuild/aix-ppc64/-/aix-ppc64-0.19.11.tgz}
    engines: {node: '>=12'}
    cpu: [ppc64]
    os: [aix]

  '@esbuild/android-arm64@0.19.11':
    resolution: {integrity: sha512-aiu7K/5JnLj//KOnOfEZ0D90obUkRzDMyqd/wNAUQ34m4YUPVhRZpnqKV9uqDGxT7cToSDnIHsGooyIczu9T+Q==, tarball: https://registry.npmmirror.com/@esbuild/android-arm64/-/android-arm64-0.19.11.tgz}
    engines: {node: '>=12'}
    cpu: [arm64]
    os: [android]

  '@esbuild/android-arm@0.19.11':
    resolution: {integrity: sha512-5OVapq0ClabvKvQ58Bws8+wkLCV+Rxg7tUVbo9xu034Nm536QTII4YzhaFriQ7rMrorfnFKUsArD2lqKbFY4vw==, tarball: https://registry.npmmirror.com/@esbuild/android-arm/-/android-arm-0.19.11.tgz}
    engines: {node: '>=12'}
    cpu: [arm]
    os: [android]

  '@esbuild/android-x64@0.19.11':
    resolution: {integrity: sha512-eccxjlfGw43WYoY9QgB82SgGgDbibcqyDTlk3l3C0jOVHKxrjdc9CTwDUQd0vkvYg5um0OH+GpxYvp39r+IPOg==, tarball: https://registry.npmmirror.com/@esbuild/android-x64/-/android-x64-0.19.11.tgz}
    engines: {node: '>=12'}
    cpu: [x64]
    os: [android]

  '@esbuild/darwin-arm64@0.19.11':
    resolution: {integrity: sha512-ETp87DRWuSt9KdDVkqSoKoLFHYTrkyz2+65fj9nfXsaV3bMhTCjtQfw3y+um88vGRKRiF7erPrh/ZuIdLUIVxQ==, tarball: https://registry.npmmirror.com/@esbuild/darwin-arm64/-/darwin-arm64-0.19.11.tgz}
    engines: {node: '>=12'}
    cpu: [arm64]
    os: [darwin]

  '@esbuild/darwin-x64@0.19.11':
    resolution: {integrity: sha512-fkFUiS6IUK9WYUO/+22omwetaSNl5/A8giXvQlcinLIjVkxwTLSktbF5f/kJMftM2MJp9+fXqZ5ezS7+SALp4g==, tarball: https://registry.npmmirror.com/@esbuild/darwin-x64/-/darwin-x64-0.19.11.tgz}
    engines: {node: '>=12'}
    cpu: [x64]
    os: [darwin]

  '@esbuild/freebsd-arm64@0.19.11':
    resolution: {integrity: sha512-lhoSp5K6bxKRNdXUtHoNc5HhbXVCS8V0iZmDvyWvYq9S5WSfTIHU2UGjcGt7UeS6iEYp9eeymIl5mJBn0yiuxA==, tarball: https://registry.npmmirror.com/@esbuild/freebsd-arm64/-/freebsd-arm64-0.19.11.tgz}
    engines: {node: '>=12'}
    cpu: [arm64]
    os: [freebsd]

  '@esbuild/freebsd-x64@0.19.11':
    resolution: {integrity: sha512-JkUqn44AffGXitVI6/AbQdoYAq0TEullFdqcMY/PCUZ36xJ9ZJRtQabzMA+Vi7r78+25ZIBosLTOKnUXBSi1Kw==, tarball: https://registry.npmmirror.com/@esbuild/freebsd-x64/-/freebsd-x64-0.19.11.tgz}
    engines: {node: '>=12'}
    cpu: [x64]
    os: [freebsd]

  '@esbuild/linux-arm64@0.19.11':
    resolution: {integrity: sha512-LneLg3ypEeveBSMuoa0kwMpCGmpu8XQUh+mL8XXwoYZ6Be2qBnVtcDI5azSvh7vioMDhoJFZzp9GWp9IWpYoUg==, tarball: https://registry.npmmirror.com/@esbuild/linux-arm64/-/linux-arm64-0.19.11.tgz}
    engines: {node: '>=12'}
    cpu: [arm64]
    os: [linux]

  '@esbuild/linux-arm@0.19.11':
    resolution: {integrity: sha512-3CRkr9+vCV2XJbjwgzjPtO8T0SZUmRZla+UL1jw+XqHZPkPgZiyWvbDvl9rqAN8Zl7qJF0O/9ycMtjU67HN9/Q==, tarball: https://registry.npmmirror.com/@esbuild/linux-arm/-/linux-arm-0.19.11.tgz}
    engines: {node: '>=12'}
    cpu: [arm]
    os: [linux]

  '@esbuild/linux-ia32@0.19.11':
    resolution: {integrity: sha512-caHy++CsD8Bgq2V5CodbJjFPEiDPq8JJmBdeyZ8GWVQMjRD0sU548nNdwPNvKjVpamYYVL40AORekgfIubwHoA==, tarball: https://registry.npmmirror.com/@esbuild/linux-ia32/-/linux-ia32-0.19.11.tgz}
    engines: {node: '>=12'}
    cpu: [ia32]
    os: [linux]

  '@esbuild/linux-loong64@0.19.11':
    resolution: {integrity: sha512-ppZSSLVpPrwHccvC6nQVZaSHlFsvCQyjnvirnVjbKSHuE5N24Yl8F3UwYUUR1UEPaFObGD2tSvVKbvR+uT1Nrg==, tarball: https://registry.npmmirror.com/@esbuild/linux-loong64/-/linux-loong64-0.19.11.tgz}
    engines: {node: '>=12'}
    cpu: [loong64]
    os: [linux]

  '@esbuild/linux-mips64el@0.19.11':
    resolution: {integrity: sha512-B5x9j0OgjG+v1dF2DkH34lr+7Gmv0kzX6/V0afF41FkPMMqaQ77pH7CrhWeR22aEeHKaeZVtZ6yFwlxOKPVFyg==, tarball: https://registry.npmmirror.com/@esbuild/linux-mips64el/-/linux-mips64el-0.19.11.tgz}
    engines: {node: '>=12'}
    cpu: [mips64el]
    os: [linux]

  '@esbuild/linux-ppc64@0.19.11':
    resolution: {integrity: sha512-MHrZYLeCG8vXblMetWyttkdVRjQlQUb/oMgBNurVEnhj4YWOr4G5lmBfZjHYQHHN0g6yDmCAQRR8MUHldvvRDA==, tarball: https://registry.npmmirror.com/@esbuild/linux-ppc64/-/linux-ppc64-0.19.11.tgz}
    engines: {node: '>=12'}
    cpu: [ppc64]
    os: [linux]

  '@esbuild/linux-riscv64@0.19.11':
    resolution: {integrity: sha512-f3DY++t94uVg141dozDu4CCUkYW+09rWtaWfnb3bqe4w5NqmZd6nPVBm+qbz7WaHZCoqXqHz5p6CM6qv3qnSSQ==, tarball: https://registry.npmmirror.com/@esbuild/linux-riscv64/-/linux-riscv64-0.19.11.tgz}
    engines: {node: '>=12'}
    cpu: [riscv64]
    os: [linux]

  '@esbuild/linux-s390x@0.19.11':
    resolution: {integrity: sha512-A5xdUoyWJHMMlcSMcPGVLzYzpcY8QP1RtYzX5/bS4dvjBGVxdhuiYyFwp7z74ocV7WDc0n1harxmpq2ePOjI0Q==, tarball: https://registry.npmmirror.com/@esbuild/linux-s390x/-/linux-s390x-0.19.11.tgz}
    engines: {node: '>=12'}
    cpu: [s390x]
    os: [linux]

  '@esbuild/linux-x64@0.19.11':
    resolution: {integrity: sha512-grbyMlVCvJSfxFQUndw5mCtWs5LO1gUlwP4CDi4iJBbVpZcqLVT29FxgGuBJGSzyOxotFG4LoO5X+M1350zmPA==, tarball: https://registry.npmmirror.com/@esbuild/linux-x64/-/linux-x64-0.19.11.tgz}
    engines: {node: '>=12'}
    cpu: [x64]
    os: [linux]

  '@esbuild/netbsd-x64@0.19.11':
    resolution: {integrity: sha512-13jvrQZJc3P230OhU8xgwUnDeuC/9egsjTkXN49b3GcS5BKvJqZn86aGM8W9pd14Kd+u7HuFBMVtrNGhh6fHEQ==, tarball: https://registry.npmmirror.com/@esbuild/netbsd-x64/-/netbsd-x64-0.19.11.tgz}
    engines: {node: '>=12'}
    cpu: [x64]
    os: [netbsd]

  '@esbuild/openbsd-x64@0.19.11':
    resolution: {integrity: sha512-ysyOGZuTp6SNKPE11INDUeFVVQFrhcNDVUgSQVDzqsqX38DjhPEPATpid04LCoUr2WXhQTEZ8ct/EgJCUDpyNw==, tarball: https://registry.npmmirror.com/@esbuild/openbsd-x64/-/openbsd-x64-0.19.11.tgz}
    engines: {node: '>=12'}
    cpu: [x64]
    os: [openbsd]

  '@esbuild/sunos-x64@0.19.11':
    resolution: {integrity: sha512-Hf+Sad9nVwvtxy4DXCZQqLpgmRTQqyFyhT3bZ4F2XlJCjxGmRFF0Shwn9rzhOYRB61w9VMXUkxlBy56dk9JJiQ==, tarball: https://registry.npmmirror.com/@esbuild/sunos-x64/-/sunos-x64-0.19.11.tgz}
    engines: {node: '>=12'}
    cpu: [x64]
    os: [sunos]

  '@esbuild/win32-arm64@0.19.11':
    resolution: {integrity: sha512-0P58Sbi0LctOMOQbpEOvOL44Ne0sqbS0XWHMvvrg6NE5jQ1xguCSSw9jQeUk2lfrXYsKDdOe6K+oZiwKPilYPQ==, tarball: https://registry.npmmirror.com/@esbuild/win32-arm64/-/win32-arm64-0.19.11.tgz}
    engines: {node: '>=12'}
    cpu: [arm64]
    os: [win32]

  '@esbuild/win32-ia32@0.19.11':
    resolution: {integrity: sha512-6YOrWS+sDJDmshdBIQU+Uoyh7pQKrdykdefC1avn76ss5c+RN6gut3LZA4E2cH5xUEp5/cA0+YxRaVtRAb0xBg==, tarball: https://registry.npmmirror.com/@esbuild/win32-ia32/-/win32-ia32-0.19.11.tgz}
    engines: {node: '>=12'}
    cpu: [ia32]
    os: [win32]

  '@esbuild/win32-x64@0.19.11':
    resolution: {integrity: sha512-vfkhltrjCAb603XaFhqhAF4LGDi2M4OrCRrFusyQ+iTLQ/o60QQXxc9cZC/FFpihBI9N1Grn6SMKVJ4KP7Fuiw==, tarball: https://registry.npmmirror.com/@esbuild/win32-x64/-/win32-x64-0.19.11.tgz}
    engines: {node: '>=12'}
    cpu: [x64]
    os: [win32]

  '@jridgewell/sourcemap-codec@1.4.15':
    resolution: {integrity: sha512-eF2rxCRulEKXHTRiDrDy6erMYWqNw4LPdQ8UQA4huuxaQsVeRPFl2oM8oDGxMFhJUWZf9McpLtJasDDZb/Bpeg==, tarball: https://registry.npmmirror.com/@jridgewell/sourcemap-codec/-/sourcemap-codec-1.4.15.tgz}

  '@microsoft/api-extractor-model@7.28.3':
    resolution: {integrity: sha512-wT/kB2oDbdZXITyDh2SQLzaWwTOFbV326fP0pUwNW00WeliARs0qjmXBWmGWardEzp2U3/axkO3Lboqun6vrig==, tarball: https://registry.npmmirror.com/@microsoft/api-extractor-model/-/api-extractor-model-7.28.3.tgz}

  '@microsoft/api-extractor@7.39.0':
    resolution: {integrity: sha512-PuXxzadgnvp+wdeZFPonssRAj/EW4Gm4s75TXzPk09h3wJ8RS3x7typf95B4vwZRrPTQBGopdUl+/vHvlPdAcg==, tarball: https://registry.npmmirror.com/@microsoft/api-extractor/-/api-extractor-7.39.0.tgz}
    hasBin: true

  '@microsoft/tsdoc-config@0.16.2':
    resolution: {integrity: sha512-OGiIzzoBLgWWR0UdRJX98oYO+XKGf7tiK4Zk6tQ/E4IJqGCe7dvkTvgDZV5cFJUzLGDOjeAXrnZoA6QkVySuxw==, tarball: https://registry.npmmirror.com/@microsoft/tsdoc-config/-/tsdoc-config-0.16.2.tgz}

  '@microsoft/tsdoc@0.14.2':
    resolution: {integrity: sha512-9b8mPpKrfeGRuhFH5iO1iwCLeIIsV6+H1sRfxbkoGXIyQE2BTsPd9zqSqQJ+pv5sJ/hT5M1zvOFL02MnEezFug==, tarball: https://registry.npmmirror.com/@microsoft/tsdoc/-/tsdoc-0.14.2.tgz}

  '@rollup/pluginutils@5.1.0':
    resolution: {integrity: sha512-XTIWOPPcpvyKI6L1NHo0lFlCyznUEyPmPY1mc3KpPVDYulHSTvyeLNVW00QTLIAFNhR3kYnJTQHeGqU4M3n09g==, tarball: https://registry.npmmirror.com/@rollup/pluginutils/-/pluginutils-5.1.0.tgz}
    engines: {node: '>=14.0.0'}
    peerDependencies:
      rollup: ^1.20.0||^2.0.0||^3.0.0||^4.0.0
    peerDependenciesMeta:
      rollup:
        optional: true

  '@rollup/rollup-android-arm-eabi@4.9.2':
    resolution: {integrity: sha512-RKzxFxBHq9ysZ83fn8Iduv3A283K7zPPYuhL/z9CQuyFrjwpErJx0h4aeb/bnJ+q29GRLgJpY66ceQ/Wcsn3wA==, tarball: https://registry.npmmirror.com/@rollup/rollup-android-arm-eabi/-/rollup-android-arm-eabi-4.9.2.tgz}
    cpu: [arm]
    os: [android]

  '@rollup/rollup-android-arm64@4.9.2':
    resolution: {integrity: sha512-yZ+MUbnwf3SHNWQKJyWh88ii2HbuHCFQnAYTeeO1Nb8SyEiWASEi5dQUygt3ClHWtA9My9RQAYkjvrsZ0WK8Xg==, tarball: https://registry.npmmirror.com/@rollup/rollup-android-arm64/-/rollup-android-arm64-4.9.2.tgz}
    cpu: [arm64]
    os: [android]

  '@rollup/rollup-darwin-arm64@4.9.2':
    resolution: {integrity: sha512-vqJ/pAUh95FLc/G/3+xPqlSBgilPnauVf2EXOQCZzhZJCXDXt/5A8mH/OzU6iWhb3CNk5hPJrh8pqJUPldN5zw==, tarball: https://registry.npmmirror.com/@rollup/rollup-darwin-arm64/-/rollup-darwin-arm64-4.9.2.tgz}
    cpu: [arm64]
    os: [darwin]

  '@rollup/rollup-darwin-x64@4.9.2':
    resolution: {integrity: sha512-otPHsN5LlvedOprd3SdfrRNhOahhVBwJpepVKUN58L0RnC29vOAej1vMEaVU6DadnpjivVsNTM5eNt0CcwTahw==, tarball: https://registry.npmmirror.com/@rollup/rollup-darwin-x64/-/rollup-darwin-x64-4.9.2.tgz}
    cpu: [x64]
    os: [darwin]

  '@rollup/rollup-linux-arm-gnueabihf@4.9.2':
    resolution: {integrity: sha512-ewG5yJSp+zYKBYQLbd1CUA7b1lSfIdo9zJShNTyc2ZP1rcPrqyZcNlsHgs7v1zhgfdS+kW0p5frc0aVqhZCiYQ==, tarball: https://registry.npmmirror.com/@rollup/rollup-linux-arm-gnueabihf/-/rollup-linux-arm-gnueabihf-4.9.2.tgz}
    cpu: [arm]
    os: [linux]

  '@rollup/rollup-linux-arm64-gnu@4.9.2':
    resolution: {integrity: sha512-pL6QtV26W52aCWTG1IuFV3FMPL1m4wbsRG+qijIvgFO/VBsiXJjDPE/uiMdHBAO6YcpV4KvpKtd0v3WFbaxBtg==, tarball: https://registry.npmmirror.com/@rollup/rollup-linux-arm64-gnu/-/rollup-linux-arm64-gnu-4.9.2.tgz}
    cpu: [arm64]
    os: [linux]
    libc: [glibc]

  '@rollup/rollup-linux-arm64-musl@4.9.2':
    resolution: {integrity: sha512-On+cc5EpOaTwPSNetHXBuqylDW+765G/oqB9xGmWU3npEhCh8xu0xqHGUA+4xwZLqBbIZNcBlKSIYfkBm6ko7g==, tarball: https://registry.npmmirror.com/@rollup/rollup-linux-arm64-musl/-/rollup-linux-arm64-musl-4.9.2.tgz}
    cpu: [arm64]
    os: [linux]
    libc: [musl]

  '@rollup/rollup-linux-riscv64-gnu@4.9.2':
    resolution: {integrity: sha512-Wnx/IVMSZ31D/cO9HSsU46FjrPWHqtdF8+0eyZ1zIB5a6hXaZXghUKpRrC4D5DcRTZOjml2oBhXoqfGYyXKipw==, tarball: https://registry.npmmirror.com/@rollup/rollup-linux-riscv64-gnu/-/rollup-linux-riscv64-gnu-4.9.2.tgz}
    cpu: [riscv64]
    os: [linux]
    libc: [glibc]

  '@rollup/rollup-linux-x64-gnu@4.9.2':
    resolution: {integrity: sha512-ym5x1cj4mUAMBummxxRkI4pG5Vht1QMsJexwGP8547TZ0sox9fCLDHw9KCH9c1FO5d9GopvkaJsBIOkTKxksdw==, tarball: https://registry.npmmirror.com/@rollup/rollup-linux-x64-gnu/-/rollup-linux-x64-gnu-4.9.2.tgz}
    cpu: [x64]
    os: [linux]
    libc: [glibc]

  '@rollup/rollup-linux-x64-musl@4.9.2':
    resolution: {integrity: sha512-m0hYELHGXdYx64D6IDDg/1vOJEaiV8f1G/iO+tejvRCJNSwK4jJ15e38JQy5Q6dGkn1M/9KcyEOwqmlZ2kqaZg==, tarball: https://registry.npmmirror.com/@rollup/rollup-linux-x64-musl/-/rollup-linux-x64-musl-4.9.2.tgz}
    cpu: [x64]
    os: [linux]
    libc: [musl]

  '@rollup/rollup-win32-arm64-msvc@4.9.2':
    resolution: {integrity: sha512-x1CWburlbN5JjG+juenuNa4KdedBdXLjZMp56nHFSHTOsb/MI2DYiGzLtRGHNMyydPGffGId+VgjOMrcltOksA==, tarball: https://registry.npmmirror.com/@rollup/rollup-win32-arm64-msvc/-/rollup-win32-arm64-msvc-4.9.2.tgz}
    cpu: [arm64]
    os: [win32]

  '@rollup/rollup-win32-ia32-msvc@4.9.2':
    resolution: {integrity: sha512-VVzCB5yXR1QlfsH1Xw1zdzQ4Pxuzv+CPr5qpElpKhVxlxD3CRdfubAG9mJROl6/dmj5gVYDDWk8sC+j9BI9/kQ==, tarball: https://registry.npmmirror.com/@rollup/rollup-win32-ia32-msvc/-/rollup-win32-ia32-msvc-4.9.2.tgz}
    cpu: [ia32]
    os: [win32]

  '@rollup/rollup-win32-x64-msvc@4.9.2':
    resolution: {integrity: sha512-SYRedJi+mweatroB+6TTnJYLts0L0bosg531xnQWtklOI6dezEagx4Q0qDyvRdK+qgdA3YZpjjGuPFtxBmddBA==, tarball: https://registry.npmmirror.com/@rollup/rollup-win32-x64-msvc/-/rollup-win32-x64-msvc-4.9.2.tgz}
    cpu: [x64]
    os: [win32]

  '@rushstack/node-core-library@3.62.0':
    resolution: {integrity: sha512-88aJn2h8UpSvdwuDXBv1/v1heM6GnBf3RjEy6ZPP7UnzHNCqOHA2Ut+ScYUbXcqIdfew9JlTAe3g+cnX9xQ/Aw==, tarball: https://registry.npmmirror.com/@rushstack/node-core-library/-/node-core-library-3.62.0.tgz}
    peerDependencies:
      '@types/node': '*'
    peerDependenciesMeta:
      '@types/node':
        optional: true

  '@rushstack/rig-package@0.5.1':
    resolution: {integrity: sha512-pXRYSe29TjRw7rqxD4WS3HN/sRSbfr+tJs4a9uuaSIBAITbUggygdhuG0VrO0EO+QqH91GhYMN4S6KRtOEmGVA==, tarball: https://registry.npmmirror.com/@rushstack/rig-package/-/rig-package-0.5.1.tgz}

  '@rushstack/ts-command-line@4.17.1':
    resolution: {integrity: sha512-2jweO1O57BYP5qdBGl6apJLB+aRIn5ccIRTPDyULh0KMwVzFqWtw6IZWt1qtUoZD/pD2RNkIOosH6Cq45rIYeg==, tarball: https://registry.npmmirror.com/@rushstack/ts-command-line/-/ts-command-line-4.17.1.tgz}

  '@types/argparse@1.0.38':
    resolution: {integrity: sha512-ebDJ9b0e702Yr7pWgB0jzm+CX4Srzz8RcXtLJDJB+BSccqMa36uyH/zUsSYao5+BD1ytv3k3rPYCq4mAE1hsXA==, tarball: https://registry.npmmirror.com/@types/argparse/-/argparse-1.0.38.tgz}

  '@types/estree@1.0.5':
    resolution: {integrity: sha512-/kYRxGDLWzHOB7q+wtSUQlFrtcdUccpfy+X+9iMBpHK8QLLhx2wIPYuS5DYtR9Wa/YlZAbIovy7qVdB1Aq6Lyw==, tarball: https://registry.npmmirror.com/@types/estree/-/estree-1.0.5.tgz}

  '@vitejs/plugin-vue@4.6.2':
    resolution: {integrity: sha512-kqf7SGFoG+80aZG6Pf+gsZIVvGSCKE98JbiWqcCV9cThtg91Jav0yvYFC9Zb+jKetNGF6ZKeoaxgZfND21fWKw==, tarball: https://registry.npmmirror.com/@vitejs/plugin-vue/-/plugin-vue-4.6.2.tgz}
    engines: {node: ^14.18.0 || >=16.0.0}
    peerDependencies:
      vite: ^4.0.0 || ^5.0.0
      vue: ^3.2.25

  '@volar/language-core@1.11.1':
    resolution: {integrity: sha512-dOcNn3i9GgZAcJt43wuaEykSluAuOkQgzni1cuxLxTV0nJKanQztp7FxyswdRILaKH+P2XZMPRp2S4MV/pElCw==, tarball: https://registry.npmmirror.com/@volar/language-core/-/language-core-1.11.1.tgz}

  '@volar/source-map@1.11.1':
    resolution: {integrity: sha512-hJnOnwZ4+WT5iupLRnuzbULZ42L7BWWPMmruzwtLhJfpDVoZLjNBxHDi2sY2bgZXCKlpU5XcsMFoYrsQmPhfZg==, tarball: https://registry.npmmirror.com/@volar/source-map/-/source-map-1.11.1.tgz}

  '@volar/typescript@1.11.1':
    resolution: {integrity: sha512-iU+t2mas/4lYierSnoFOeRFQUhAEMgsFuQxoxvwn5EdQopw43j+J27a4lt9LMInx1gLJBC6qL14WYGlgymaSMQ==, tarball: https://registry.npmmirror.com/@volar/typescript/-/typescript-1.11.1.tgz}

  '@vue/compiler-core@3.4.3':
    resolution: {integrity: sha512-u8jzgFg0EDtSrb/hG53Wwh1bAOQFtc1ZCegBpA/glyvTlgHl+tq13o1zvRfLbegYUw/E4mSTGOiCnAJ9SJ+lsg==, tarball: https://registry.npmmirror.com/@vue/compiler-core/-/compiler-core-3.4.3.tgz}

  '@vue/compiler-dom@3.4.3':
    resolution: {integrity: sha512-oGF1E9/htI6JWj/lTJgr6UgxNCtNHbM6xKVreBWeZL9QhRGABRVoWGAzxmtBfSOd+w0Zi5BY0Es/tlJrN6WgEg==, tarball: https://registry.npmmirror.com/@vue/compiler-dom/-/compiler-dom-3.4.3.tgz}

  '@vue/compiler-sfc@3.4.3':
    resolution: {integrity: sha512-NuJqb5is9I4uzv316VRUDYgIlPZCG8D+ARt5P4t5UDShIHKL25J3TGZAUryY/Aiy0DsY7srJnZL5ryB6DD63Zw==, tarball: https://registry.npmmirror.com/@vue/compiler-sfc/-/compiler-sfc-3.4.3.tgz}

  '@vue/compiler-ssr@3.4.3':
    resolution: {integrity: sha512-wnYQtMBkeFSxgSSQbYGQeXPhQacQiog2c6AlvMldQH6DB+gSXK/0F6DVXAJfEiuBSgBhUc8dwrrG5JQcqwalsA==, tarball: https://registry.npmmirror.com/@vue/compiler-ssr/-/compiler-ssr-3.4.3.tgz}

  '@vue/language-core@1.8.27':
    resolution: {integrity: sha512-L8Kc27VdQserNaCUNiSFdDl9LWT24ly8Hpwf1ECy3aFb9m6bDhBGQYOujDm21N7EW3moKIOKEanQwe1q5BK+mA==, tarball: https://registry.npmmirror.com/@vue/language-core/-/language-core-1.8.27.tgz}
    peerDependencies:
      typescript: '*'
    peerDependenciesMeta:
      typescript:
        optional: true

  '@vue/reactivity@3.4.3':
    resolution: {integrity: sha512-q5f9HLDU+5aBKizXHAx0w4whkIANs1Muiq9R5YXm0HtorSlflqv9u/ohaMxuuhHWCji4xqpQ1eL04WvmAmGnFg==, tarball: https://registry.npmmirror.com/@vue/reactivity/-/reactivity-3.4.3.tgz}

  '@vue/runtime-core@3.4.3':
    resolution: {integrity: sha512-C1r6QhB1qY7D591RCSFhMULyzL9CuyrGc+3PpB0h7dU4Qqw6GNyo4BNFjHZVvsWncrUlKX3DIKg0Y7rNNr06NQ==, tarball: https://registry.npmmirror.com/@vue/runtime-core/-/runtime-core-3.4.3.tgz}

  '@vue/runtime-dom@3.4.3':
    resolution: {integrity: sha512-wrsprg7An5Ec+EhPngWdPuzkp0BEUxAKaQtN9dPU/iZctPyD9aaXmVtehPJerdQxQale6gEnhpnfywNw3zOv2A==, tarball: https://registry.npmmirror.com/@vue/runtime-dom/-/runtime-dom-3.4.3.tgz}

  '@vue/server-renderer@3.4.3':
    resolution: {integrity: sha512-BUxt8oVGMKKsqSkM1uU3d3Houyfy4WAc2SpSQRebNd+XJGATVkW/rO129jkyL+kpB/2VRKzE63zwf5RtJ3XuZw==, tarball: https://registry.npmmirror.com/@vue/server-renderer/-/server-renderer-3.4.3.tgz}
    peerDependencies:
      vue: 3.4.3

  '@vue/shared@3.4.3':
    resolution: {integrity: sha512-rIwlkkP1n4uKrRzivAKPZIEkHiuwY5mmhMJ2nZKCBLz8lTUlE73rQh4n1OnnMurXt1vcUNyH4ZPfdh8QweTjpQ==, tarball: https://registry.npmmirror.com/@vue/shared/-/shared-3.4.3.tgz}

  ajv@6.12.6:
    resolution: {integrity: sha512-j3fVLgvTo527anyYyJOGTYJbG+vnnQYvE0m5mmkc1TK+nxAppkCLMIL0aZ4dblVCNoGShhm+kzE4ZUykBoMg4g==, tarball: https://registry.npmmirror.com/ajv/-/ajv-6.12.6.tgz}

  argparse@1.0.10:
    resolution: {integrity: sha512-o5Roy6tNG4SL/FOkCAN6RzjiakZS25RLYFrcMttJqbdd8BWrnA+fGz57iN5Pb06pvBGvl5gQ0B48dJlslXvoTg==, tarball: https://registry.npmmirror.com/argparse/-/argparse-1.0.10.tgz}

  balanced-match@1.0.2:
    resolution: {integrity: sha512-3oSeUO0TMV67hN1AmbXsK4yaqU7tjiHlbxRDZOpH0KW9+CeX4bRAaX0Anxt0tx2MrpRpWwQaPwIlISEJhYU5Pw==, tarball: https://registry.npmmirror.com/balanced-match/-/balanced-match-1.0.2.tgz}

  brace-expansion@2.0.1:
    resolution: {integrity: sha512-XnAIvQ8eM+kC6aULx6wuQiwVsnzsi9d3WxzV3FpWTGA19F621kwdbsAcFKXgKUHZWsy+mY6iL1sHTxWEFCytDA==, tarball: https://registry.npmmirror.com/brace-expansion/-/brace-expansion-2.0.1.tgz}

  colors@1.2.5:
    resolution: {integrity: sha512-erNRLao/Y3Fv54qUa0LBB+//Uf3YwMUmdJinN20yMXm9zdKKqH9wt7R9IIVZ+K7ShzfpLV/Zg8+VyrBJYB4lpg==, tarball: https://registry.npmmirror.com/colors/-/colors-1.2.5.tgz}
    engines: {node: '>=0.1.90'}

  commander@9.5.0:
    resolution: {integrity: sha512-KRs7WVDKg86PWiuAqhDrAQnTXZKraVcCc6vFdL14qrZ/DcWwuRo7VoiYXalXO7S5GKpqYiVEwCbgFDfxNHKJBQ==, tarball: https://registry.npmmirror.com/commander/-/commander-9.5.0.tgz}
    engines: {node: ^12.20.0 || >=14}

  computeds@0.0.1:
    resolution: {integrity: sha512-7CEBgcMjVmitjYo5q8JTJVra6X5mQ20uTThdK+0kR7UEaDrAWEQcRiBtWJzga4eRpP6afNwwLsX2SET2JhVB1Q==, tarball: https://registry.npmmirror.com/computeds/-/computeds-0.0.1.tgz}

  csstype@3.1.3:
    resolution: {integrity: sha512-M1uQkMl8rQK/szD0LNhtqxIPLpimGm8sOBwU7lLnCpSbTyY3yeU1Vc7l4KT5zT4s/yOxHH5O7tIuuLOCnLADRw==, tarball: https://registry.npmmirror.com/csstype/-/csstype-3.1.3.tgz}

  de-indent@1.0.2:
    resolution: {integrity: sha512-e/1zu3xH5MQryN2zdVaF0OrdNLUbvWxzMbi+iNA6Bky7l1RoP8a2fIbRocyHclXt/arDrrR6lL3TqFD9pMQTsg==, tarball: https://registry.npmmirror.com/de-indent/-/de-indent-1.0.2.tgz}

  debug@4.3.4:
    resolution: {integrity: sha512-PRWFHuSU3eDtQJPvnNY7Jcket1j0t5OuOsFzPPzsekD52Zl8qUfFIPEiswXqIvHWGVHOgX+7G/vCNNhehwxfkQ==, tarball: https://registry.npmmirror.com/debug/-/debug-4.3.4.tgz}
    engines: {node: '>=6.0'}
    peerDependencies:
      supports-color: '*'
    peerDependenciesMeta:
      supports-color:
        optional: true

  entities@4.5.0:
    resolution: {integrity: sha512-V0hjH4dGPh9Ao5p0MoRY6BVqtwCjhz6vI5LT8AJ55H+4g9/4vbHx1I54fS0XuclLhDHArPQCiMjDxjaL8fPxhw==, tarball: https://registry.npmmirror.com/entities/-/entities-4.5.0.tgz}
    engines: {node: '>=0.12'}

  esbuild@0.19.11:
    resolution: {integrity: sha512-HJ96Hev2hX/6i5cDVwcqiJBBtuo9+FeIJOtZ9W1kA5M6AMJRHUZlpYZ1/SbEwtO0ioNAW8rUooVpC/WehY2SfA==, tarball: https://registry.npmmirror.com/esbuild/-/esbuild-0.19.11.tgz}
    engines: {node: '>=12'}
    hasBin: true

  estree-walker@2.0.2:
    resolution: {integrity: sha512-Rfkk/Mp/DL7JVje3u18FxFujQlTNR2q6QfMSMB7AvCBx91NGj/ba3kCfza0f6dVDbw7YlRf/nDrn7pQrCCyQ/w==, tarball: https://registry.npmmirror.com/estree-walker/-/estree-walker-2.0.2.tgz}

  fast-deep-equal@3.1.3:
    resolution: {integrity: sha512-f3qQ9oQy9j2AhBe/H9VC91wLmKBCCU/gDOnKNAYG5hswO7BLKj09Hc5HYNz9cGI++xlpDCIgDaitVs03ATR84Q==, tarball: https://registry.npmmirror.com/fast-deep-equal/-/fast-deep-equal-3.1.3.tgz}

  fast-json-stable-stringify@2.1.0:
    resolution: {integrity: sha512-lhd/wF+Lk98HZoTCtlVraHtfh5XYijIjalXck7saUtuanSDyLMxnHhSXEDJqHxD7msR8D0uCmqlkwjCV8xvwHw==, tarball: https://registry.npmmirror.com/fast-json-stable-stringify/-/fast-json-stable-stringify-2.1.0.tgz}

  fs-extra@7.0.1:
    resolution: {integrity: sha512-YJDaCJZEnBmcbw13fvdAM9AwNOJwOzrE4pqMqBq5nFiEqXUqHwlK4B+3pUw6JNvfSPtX05xFHtYy/1ni01eGCw==, tarball: https://registry.npmmirror.com/fs-extra/-/fs-extra-7.0.1.tgz}
    engines: {node: '>=6 <7 || >=8'}

  fsevents@2.3.3:
    resolution: {integrity: sha512-5xoDfX+fL7faATnagmWPpbFtwh/R77WmMMqqHGS65C3vvB0YHrgF+B1YmZ3441tMj5n63k0212XNoJwzlhffQw==, tarball: https://registry.npmmirror.com/fsevents/-/fsevents-2.3.3.tgz}
    engines: {node: ^8.16.0 || ^10.6.0 || >=11.0.0}
    os: [darwin]

  function-bind@1.1.2:
    resolution: {integrity: sha512-7XHNxH7qX9xG5mIwxkhumTox/MIRNcOgDrxWsMt2pAr23WHp6MrRlN7FBSFpCpr+oVO0F744iUgR82nJMfG2SA==, tarball: https://registry.npmmirror.com/function-bind/-/function-bind-1.1.2.tgz}

  graceful-fs@4.2.11:
    resolution: {integrity: sha512-RbJ5/jmFcNNCcDV5o9eTnBLJ/HszWV0P73bc+Ff4nS/rJj+YaS6IGyiOL0VoBYX+l1Wrl3k63h/KrH+nhJ0XvQ==, tarball: https://registry.npmmirror.com/graceful-fs/-/graceful-fs-4.2.11.tgz}

  hasown@2.0.0:
    resolution: {integrity: sha512-vUptKVTpIJhcczKBbgnS+RtcuYMB8+oNzPK2/Hp3hanz8JmpATdmmgLgSaadVREkDm+e2giHwY3ZRkyjSIDDFA==, tarball: https://registry.npmmirror.com/hasown/-/hasown-2.0.0.tgz}
    engines: {node: '>= 0.4'}

  he@1.2.0:
    resolution: {integrity: sha512-F/1DnUGPopORZi0ni+CvrCgHQ5FyEAHRLSApuYWMmrbSwoN2Mn/7k+Gl38gJnR7yyDZk6WLXwiGod1JOWNDKGw==, tarball: https://registry.npmmirror.com/he/-/he-1.2.0.tgz}
    hasBin: true

  import-lazy@4.0.0:
    resolution: {integrity: sha512-rKtvo6a868b5Hu3heneU+L4yEQ4jYKLtjpnPeUdK7h0yzXGmyBTypknlkCvHFBqfX9YlorEiMM6Dnq/5atfHkw==, tarball: https://registry.npmmirror.com/import-lazy/-/import-lazy-4.0.0.tgz}
    engines: {node: '>=8'}

  is-core-module@2.13.1:
    resolution: {integrity: sha512-hHrIjvZsftOsvKSn2TRYl63zvxsgE0K+0mYMoH6gD4omR5IWB2KynivBQczo3+wF1cCkjzvptnI9Q0sPU66ilw==, tarball: https://registry.npmmirror.com/is-core-module/-/is-core-module-2.13.1.tgz}

  jju@1.4.0:
    resolution: {integrity: sha512-8wb9Yw966OSxApiCt0K3yNJL8pnNeIv+OEq2YMidz4FKP6nonSRoOXc80iXY4JaN2FC11B9qsNmDsm+ZOfMROA==, tarball: https://registry.npmmirror.com/jju/-/jju-1.4.0.tgz}

  json-schema-traverse@0.4.1:
    resolution: {integrity: sha512-xbbCH5dCYU5T8LcEhhuh7HJ88HXuW3qsI3Y0zOZFKfZEHcpWiHU/Jxzk629Brsab/mMiHQti9wMP+845RPe3Vg==, tarball: https://registry.npmmirror.com/json-schema-traverse/-/json-schema-traverse-0.4.1.tgz}

  jsonfile@4.0.0:
    resolution: {integrity: sha512-m6F1R3z8jjlf2imQHS2Qez5sjKWQzbuuhuJ/FKYFRZvPE3PuHcSMVZzfsLhGVOkfd20obL5SWEBew5ShlquNxg==, tarball: https://registry.npmmirror.com/jsonfile/-/jsonfile-4.0.0.tgz}

  kolorist@1.8.0:
    resolution: {integrity: sha512-Y+60/zizpJ3HRH8DCss+q95yr6145JXZo46OTpFvDZWLfRCE4qChOyk1b26nMaNpfHHgxagk9dXT5OP0Tfe+dQ==, tarball: https://registry.npmmirror.com/kolorist/-/kolorist-1.8.0.tgz}

  lodash.get@4.4.2:
    resolution: {integrity: sha512-z+Uw/vLuy6gQe8cfaFWD7p0wVv8fJl3mbzXh33RS+0oW2wvUqiRXiQ69gLWSLpgB5/6sU+r6BlQR0MBILadqTQ==, tarball: https://registry.npmmirror.com/lodash.get/-/lodash.get-4.4.2.tgz}

  lodash.isequal@4.5.0:
    resolution: {integrity: sha512-pDo3lu8Jhfjqls6GkMgpahsF9kCyayhgykjyLMNFTKWrpVdAQtYyB4muAMWozBB4ig/dtWAmsMxLEI8wuz+DYQ==, tarball: https://registry.npmmirror.com/lodash.isequal/-/lodash.isequal-4.5.0.tgz}

  lodash@4.17.21:
    resolution: {integrity: sha512-v2kDEe57lecTulaDIuNTPy3Ry4gLGJ6Z1O3vE1krgXZNrsQ+LFTGHVxVjcXPs17LhbZVGedAJv8XZ1tvj5FvSg==, tarball: https://registry.npmmirror.com/lodash/-/lodash-4.17.21.tgz}

  lru-cache@6.0.0:
    resolution: {integrity: sha512-Jo6dJ04CmSjuznwJSS3pUeWmd/H0ffTlkXXgwZi+eq1UCmqQwCh+eLsYOYCwY991i2Fah4h1BEMCx4qThGbsiA==, tarball: https://registry.npmmirror.com/lru-cache/-/lru-cache-6.0.0.tgz}
    engines: {node: '>=10'}

  magic-string@0.30.5:
    resolution: {integrity: sha512-7xlpfBaQaP/T6Vh8MO/EqXSW5En6INHEvEXQiuff7Gku0PWjU3uf6w/j9o7O+SpB5fOAkrI5HeoNgwjEO0pFsA==, tarball: https://registry.npmmirror.com/magic-string/-/magic-string-0.30.5.tgz}
    engines: {node: '>=12'}

  minimatch@9.0.3:
    resolution: {integrity: sha512-RHiac9mvaRw0x3AYRgDC1CxAP7HTcNrrECeA8YYJeWnpo+2Q5CegtZjaotWTWxDG3UeGA1coE05iH1mPjT/2mg==, tarball: https://registry.npmmirror.com/minimatch/-/minimatch-9.0.3.tgz}
    engines: {node: '>=16 || 14 >=14.17'}

  ms@2.1.2:
    resolution: {integrity: sha512-sGkPx+VjMtmA6MX27oA4FBFELFCZZ4S4XqeGOXCv68tT+jb3vk/RyaKWP0PTKyWtmLSM0b+adUTEvbs1PEaH2w==, tarball: https://registry.npmmirror.com/ms/-/ms-2.1.2.tgz}

  muggle-string@0.3.1:
    resolution: {integrity: sha512-ckmWDJjphvd/FvZawgygcUeQCxzvohjFO5RxTjj4eq8kw359gFF3E1brjfI+viLMxss5JrHTDRHZvu2/tuy0Qg==, tarball: https://registry.npmmirror.com/muggle-string/-/muggle-string-0.3.1.tgz}

  nanoid@3.3.7:
    resolution: {integrity: sha512-eSRppjcPIatRIMC1U6UngP8XFcz8MQWGQdt1MTBQ7NaAmvXDfvNxbvWV3x2y6CdEUciCSsDHDQZbhYaB8QEo2g==, tarball: https://registry.npmmirror.com/nanoid/-/nanoid-3.3.7.tgz}
    engines: {node: ^10 || ^12 || ^13.7 || ^14 || >=15.0.1}
    hasBin: true

  path-browserify@1.0.1:
    resolution: {integrity: sha512-b7uo2UCUOYZcnF/3ID0lulOJi/bafxa1xPe7ZPsammBSpjSWQkjNxlt635YGS2MiR9GjvuXCtz2emr3jbsz98g==, tarball: https://registry.npmmirror.com/path-browserify/-/path-browserify-1.0.1.tgz}

  path-parse@1.0.7:
    resolution: {integrity: sha512-LDJzPVEEEPR+y48z93A0Ed0yXb8pAByGWo/k5YYdYgpY2/2EsOsksJrq7lOHxryrVOn1ejG6oAp8ahvOIQD8sw==, tarball: https://registry.npmmirror.com/path-parse/-/path-parse-1.0.7.tgz}

  picocolors@1.0.0:
    resolution: {integrity: sha512-1fygroTLlHu66zi26VoTDv8yRgm0Fccecssto+MhsZ0D/DGW2sm8E8AjW7NU5VVTRt5GxbeZ5qBuJr+HyLYkjQ==, tarball: https://registry.npmmirror.com/picocolors/-/picocolors-1.0.0.tgz}

  picomatch@2.3.1:
    resolution: {integrity: sha512-JU3teHTNjmE2VCGFzuY8EXzCDVwEqB2a8fsIvwaStHhAWJEeVd1o1QD80CU6+ZdEXXSLbSsuLwJjkCBWqRQUVA==, tarball: https://registry.npmmirror.com/picomatch/-/picomatch-2.3.1.tgz}
    engines: {node: '>=8.6'}

  postcss@8.4.32:
    resolution: {integrity: sha512-D/kj5JNu6oo2EIy+XL/26JEDTlIbB8hw85G8StOE6L74RQAVVP5rej6wxCNqyMbR4RkPfqvezVbPw81Ngd6Kcw==, tarball: https://registry.npmmirror.com/postcss/-/postcss-8.4.32.tgz}
    engines: {node: ^10 || ^12 || >=14}

  punycode@2.3.1:
    resolution: {integrity: sha512-vYt7UD1U9Wg6138shLtLOvdAu+8DsC/ilFtEVHcH+wydcSpNE20AfSOduf6MkRFahL5FY7X1oU7nKVZFtfq8Fg==, tarball: https://registry.npmmirror.com/punycode/-/punycode-2.3.1.tgz}
    engines: {node: '>=6'}

  resolve@1.19.0:
    resolution: {integrity: sha512-rArEXAgsBG4UgRGcynxWIWKFvh/XZCcS8UJdHhwy91zwAvCZIbcs+vAbflgBnNjYMs/i/i+/Ux6IZhML1yPvxg==, tarball: https://registry.npmmirror.com/resolve/-/resolve-1.19.0.tgz}

  resolve@1.22.8:
    resolution: {integrity: sha512-oKWePCxqpd6FlLvGV1VU0x7bkPmmCNolxzjMf4NczoDnQcIWrAF+cPtZn5i6n+RfD2d9i0tzpKnG6Yk168yIyw==, tarball: https://registry.npmmirror.com/resolve/-/resolve-1.22.8.tgz}
    hasBin: true

  rollup@4.9.2:
    resolution: {integrity: sha512-66RB8OtFKUTozmVEh3qyNfH+b+z2RXBVloqO2KCC/pjFaGaHtxP9fVfOQKPSGXg2mElmjmxjW/fZ7iKrEpMH5Q==, tarball: https://registry.npmmirror.com/rollup/-/rollup-4.9.2.tgz}
    engines: {node: '>=18.0.0', npm: '>=8.0.0'}
    hasBin: true

  semver@7.5.4:
    resolution: {integrity: sha512-1bCSESV6Pv+i21Hvpxp3Dx+pSD8lIPt8uVjRrxAUt/nbswYc+tK6Y2btiULjd4+fnq15PX+nqQDC7Oft7WkwcA==, tarball: https://registry.npmmirror.com/semver/-/semver-7.5.4.tgz}
    engines: {node: '>=10'}
    hasBin: true

  source-map-js@1.0.2:
    resolution: {integrity: sha512-R0XvVJ9WusLiqTCEiGCmICCMplcCkIwwR11mOSD9CR5u+IXYdiseeEuXCVAjS54zqwkLcPNnmU4OeJ6tUrWhDw==, tarball: https://registry.npmmirror.com/source-map-js/-/source-map-js-1.0.2.tgz}
    engines: {node: '>=0.10.0'}

  source-map@0.6.1:
    resolution: {integrity: sha512-UjgapumWlbMhkBgzT7Ykc5YXUT46F0iKu8SGXq0bcwP5dz/h0Plj6enJqjz1Zbq2l5WaqYnrVbwWOWMyF3F47g==, tarball: https://registry.npmmirror.com/source-map/-/source-map-0.6.1.tgz}
    engines: {node: '>=0.10.0'}

  sprintf-js@1.0.3:
    resolution: {integrity: sha512-D9cPgkvLlV3t3IzL0D0YLvGA9Ahk4PcvVwUbN0dSGr1aP0Nrt4AEnTUbuGvquEC0mA64Gqt1fzirlRs5ibXx8g==, tarball: https://registry.npmmirror.com/sprintf-js/-/sprintf-js-1.0.3.tgz}

  string-argv@0.3.2:
    resolution: {integrity: sha512-aqD2Q0144Z+/RqG52NeHEkZauTAUWJO8c6yTftGJKO3Tja5tUgIfmIl6kExvhtxSDP7fXB6DvzkfMpCd/F3G+Q==, tarball: https://registry.npmmirror.com/string-argv/-/string-argv-0.3.2.tgz}
    engines: {node: '>=0.6.19'}

  strip-json-comments@3.1.1:
    resolution: {integrity: sha512-6fPc+R4ihwqP6N/aIv2f1gMH8lOVtWQHoqC4yK6oSDVVocumAsfCqjkXnqiYMhmMwS/mEHLp7Vehlt3ql6lEig==, tarball: https://registry.npmmirror.com/strip-json-comments/-/strip-json-comments-3.1.1.tgz}
    engines: {node: '>=8'}

  supports-preserve-symlinks-flag@1.0.0:
    resolution: {integrity: sha512-ot0WnXS9fgdkgIcePe6RHNk1WA8+muPa6cSjeR3V8K27q9BB1rTE3R1p7Hv0z1ZyAc8s6Vvv8DIyWf681MAt0w==, tarball: https://registry.npmmirror.com/supports-preserve-symlinks-flag/-/supports-preserve-symlinks-flag-1.0.0.tgz}
    engines: {node: '>= 0.4'}

  to-fast-properties@2.0.0:
    resolution: {integrity: sha512-/OaKK0xYrs3DmxRYqL/yDc+FxFUVYhDlXMhRmv3z915w2HF1tnN1omB354j8VUGO/hbRzyD6Y3sA7v7GS/ceog==, tarball: https://registry.npmmirror.com/to-fast-properties/-/to-fast-properties-2.0.0.tgz}
    engines: {node: '>=4'}

  typescript@5.3.3:
    resolution: {integrity: sha512-pXWcraxM0uxAS+tN0AG/BF2TyqmHO014Z070UsJ+pFvYuRSq8KH8DmWpnbXe0pEPDHXZV3FcAbJkijJ5oNEnWw==, tarball: https://registry.npmmirror.com/typescript/-/typescript-5.3.3.tgz}
    engines: {node: '>=14.17'}
    hasBin: true

  universalify@0.1.2:
    resolution: {integrity: sha512-rBJeI5CXAlmy1pV+617WB9J63U6XcazHHF2f2dbJix4XzpUF0RS3Zbj0FGIOCAva5P/d/GBOYaACQ1w+0azUkg==, tarball: https://registry.npmmirror.com/universalify/-/universalify-0.1.2.tgz}
    engines: {node: '>= 4.0.0'}

  uri-js@4.4.1:
    resolution: {integrity: sha512-7rKUyy33Q1yc98pQ1DAmLtwX109F7TIfWlW1Ydo8Wl1ii1SeHieeh0HHfPeL2fMXK6z0s8ecKs9frCuLJvndBg==, tarball: https://registry.npmmirror.com/uri-js/-/uri-js-4.4.1.tgz}

  validator@13.11.0:
    resolution: {integrity: sha512-Ii+sehpSfZy+At5nPdnyMhx78fEoPDkR2XW/zimHEL3MyGJQOCQ7WeP20jPYRz7ZCpcKLB21NxuXHF3bxjStBQ==, tarball: https://registry.npmmirror.com/validator/-/validator-13.11.0.tgz}
    engines: {node: '>= 0.10'}

  vite-plugin-dts@3.7.0:
    resolution: {integrity: sha512-np1uPaYzu98AtPReB8zkMnbjwcNHOABsLhqVOf81b3ol9b5M2wPcAVs8oqPnOpr6Us+7yDXVauwkxsk5+ldmRA==, tarball: https://registry.npmmirror.com/vite-plugin-dts/-/vite-plugin-dts-3.7.0.tgz}
    engines: {node: ^14.18.0 || >=16.0.0}
    peerDependencies:
      typescript: '*'
      vite: '*'
    peerDependenciesMeta:
      vite:
        optional: true

  vite@5.0.10:
    resolution: {integrity: sha512-2P8J7WWgmc355HUMlFrwofacvr98DAjoE52BfdbwQtyLH06XKwaL/FMnmKM2crF0iX4MpmMKoDlNCB1ok7zHCw==, tarball: https://registry.npmmirror.com/vite/-/vite-5.0.10.tgz}
    engines: {node: ^18.0.0 || >=20.0.0}
    hasBin: true
    peerDependencies:
      '@types/node': ^18.0.0 || >=20.0.0
      less: '*'
      lightningcss: ^1.21.0
      sass: '*'
      stylus: '*'
      sugarss: '*'
      terser: ^5.4.0
    peerDependenciesMeta:
      '@types/node':
        optional: true
      less:
        optional: true
      lightningcss:
        optional: true
      sass:
        optional: true
      stylus:
        optional: true
      sugarss:
        optional: true
      terser:
        optional: true

  vue-template-compiler@2.7.16:
    resolution: {integrity: sha512-AYbUWAJHLGGQM7+cNTELw+KsOG9nl2CnSv467WobS5Cv9uk3wFcnr1Etsz2sEIHEZvw1U+o9mRlEO6QbZvUPGQ==, tarball: https://registry.npmmirror.com/vue-template-compiler/-/vue-template-compiler-2.7.16.tgz}

  vue-tsc@1.8.27:
    resolution: {integrity: sha512-WesKCAZCRAbmmhuGl3+VrdWItEvfoFIPXOvUJkjULi+x+6G/Dy69yO3TBRJDr9eUlmsNAwVmxsNZxvHKzbkKdg==, tarball: https://registry.npmmirror.com/vue-tsc/-/vue-tsc-1.8.27.tgz}
    hasBin: true
    peerDependencies:
      typescript: '*'

  vue@3.4.3:
    resolution: {integrity: sha512-GjN+culMAGv/mUbkIv8zMKItno8npcj5gWlXkSxf1SPTQf8eJ4A+YfHIvQFyL1IfuJcMl3soA7SmN1fRxbf/wA==, tarball: https://registry.npmmirror.com/vue/-/vue-3.4.3.tgz}
    peerDependencies:
      typescript: '*'
    peerDependenciesMeta:
      typescript:
        optional: true

  yallist@4.0.0:
    resolution: {integrity: sha512-3wdGidZyq5PB084XLES5TpOSRA3wjXAlIWMhum2kRcv/41Sn2emQ0dycQW4uZXLejwKvg6EsvbdlVL+FYEct7A==, tarball: https://registry.npmmirror.com/yallist/-/yallist-4.0.0.tgz}

  z-schema@5.0.5:
    resolution: {integrity: sha512-D7eujBWkLa3p2sIpJA0d1pr7es+a7m0vFAnZLlCEKq/Ij2k0MLi9Br2UPxoxdYystm5K1yeBGzub0FlYUEWj2Q==, tarball: https://registry.npmmirror.com/z-schema/-/z-schema-5.0.5.tgz}
    engines: {node: '>=8.0.0'}
    hasBin: true

snapshots:

  '@babel/helper-string-parser@7.23.4': {}

  '@babel/helper-validator-identifier@7.22.20': {}

  '@babel/parser@7.23.6':
    dependencies:
      '@babel/types': 7.23.6

  '@babel/types@7.23.6':
    dependencies:
      '@babel/helper-string-parser': 7.23.4
      '@babel/helper-validator-identifier': 7.22.20
      to-fast-properties: 2.0.0

  '@esbuild/aix-ppc64@0.19.11':
    optional: true

  '@esbuild/android-arm64@0.19.11':
    optional: true

  '@esbuild/android-arm@0.19.11':
    optional: true

  '@esbuild/android-x64@0.19.11':
    optional: true

  '@esbuild/darwin-arm64@0.19.11':
    optional: true

  '@esbuild/darwin-x64@0.19.11':
    optional: true

  '@esbuild/freebsd-arm64@0.19.11':
    optional: true

  '@esbuild/freebsd-x64@0.19.11':
    optional: true

  '@esbuild/linux-arm64@0.19.11':
    optional: true

  '@esbuild/linux-arm@0.19.11':
    optional: true

  '@esbuild/linux-ia32@0.19.11':
    optional: true

  '@esbuild/linux-loong64@0.19.11':
    optional: true

  '@esbuild/linux-mips64el@0.19.11':
    optional: true

  '@esbuild/linux-ppc64@0.19.11':
    optional: true

  '@esbuild/linux-riscv64@0.19.11':
    optional: true

  '@esbuild/linux-s390x@0.19.11':
    optional: true

  '@esbuild/linux-x64@0.19.11':
    optional: true

  '@esbuild/netbsd-x64@0.19.11':
    optional: true

  '@esbuild/openbsd-x64@0.19.11':
    optional: true

  '@esbuild/sunos-x64@0.19.11':
    optional: true

  '@esbuild/win32-arm64@0.19.11':
    optional: true

  '@esbuild/win32-ia32@0.19.11':
    optional: true

  '@esbuild/win32-x64@0.19.11':
    optional: true

  '@jridgewell/sourcemap-codec@1.4.15': {}

  '@microsoft/api-extractor-model@7.28.3':
    dependencies:
      '@microsoft/tsdoc': 0.14.2
      '@microsoft/tsdoc-config': 0.16.2
      '@rushstack/node-core-library': 3.62.0
    transitivePeerDependencies:
      - '@types/node'

  '@microsoft/api-extractor@7.39.0':
    dependencies:
      '@microsoft/api-extractor-model': 7.28.3
      '@microsoft/tsdoc': 0.14.2
      '@microsoft/tsdoc-config': 0.16.2
      '@rushstack/node-core-library': 3.62.0
      '@rushstack/rig-package': 0.5.1
      '@rushstack/ts-command-line': 4.17.1
      colors: 1.2.5
      lodash: 4.17.21
      resolve: 1.22.8
      semver: 7.5.4
      source-map: 0.6.1
      typescript: 5.3.3
    transitivePeerDependencies:
      - '@types/node'

  '@microsoft/tsdoc-config@0.16.2':
    dependencies:
      '@microsoft/tsdoc': 0.14.2
      ajv: 6.12.6
      jju: 1.4.0
      resolve: 1.19.0

  '@microsoft/tsdoc@0.14.2': {}

  '@rollup/pluginutils@5.1.0':
    dependencies:
      '@types/estree': 1.0.5
      estree-walker: 2.0.2
      picomatch: 2.3.1

  '@rollup/rollup-android-arm-eabi@4.9.2':
    optional: true

  '@rollup/rollup-android-arm64@4.9.2':
    optional: true

  '@rollup/rollup-darwin-arm64@4.9.2':
    optional: true

  '@rollup/rollup-darwin-x64@4.9.2':
    optional: true

  '@rollup/rollup-linux-arm-gnueabihf@4.9.2':
    optional: true

  '@rollup/rollup-linux-arm64-gnu@4.9.2':
    optional: true

  '@rollup/rollup-linux-arm64-musl@4.9.2':
    optional: true

  '@rollup/rollup-linux-riscv64-gnu@4.9.2':
    optional: true

  '@rollup/rollup-linux-x64-gnu@4.9.2':
    optional: true

  '@rollup/rollup-linux-x64-musl@4.9.2':
    optional: true

  '@rollup/rollup-win32-arm64-msvc@4.9.2':
    optional: true

  '@rollup/rollup-win32-ia32-msvc@4.9.2':
    optional: true

  '@rollup/rollup-win32-x64-msvc@4.9.2':
    optional: true

  '@rushstack/node-core-library@3.62.0':
    dependencies:
      colors: 1.2.5
      fs-extra: 7.0.1
      import-lazy: 4.0.0
      jju: 1.4.0
      resolve: 1.22.8
      semver: 7.5.4
      z-schema: 5.0.5

  '@rushstack/rig-package@0.5.1':
    dependencies:
      resolve: 1.22.8
      strip-json-comments: 3.1.1

  '@rushstack/ts-command-line@4.17.1':
    dependencies:
      '@types/argparse': 1.0.38
      argparse: 1.0.10
      colors: 1.2.5
      string-argv: 0.3.2

  '@types/argparse@1.0.38': {}

  '@types/estree@1.0.5': {}

  '@vitejs/plugin-vue@4.6.2(vite@5.0.10)(vue@3.4.3)':
    dependencies:
      vite: 5.0.10
      vue: 3.4.3(typescript@5.3.3)

  '@volar/language-core@1.11.1':
    dependencies:
      '@volar/source-map': 1.11.1

  '@volar/source-map@1.11.1':
    dependencies:
      muggle-string: 0.3.1

  '@volar/typescript@1.11.1':
    dependencies:
      '@volar/language-core': 1.11.1
      path-browserify: 1.0.1

  '@vue/compiler-core@3.4.3':
    dependencies:
      '@babel/parser': 7.23.6
      '@vue/shared': 3.4.3
      entities: 4.5.0
      estree-walker: 2.0.2
      source-map-js: 1.0.2

  '@vue/compiler-dom@3.4.3':
    dependencies:
      '@vue/compiler-core': 3.4.3
      '@vue/shared': 3.4.3

  '@vue/compiler-sfc@3.4.3':
    dependencies:
      '@babel/parser': 7.23.6
      '@vue/compiler-core': 3.4.3
      '@vue/compiler-dom': 3.4.3
      '@vue/compiler-ssr': 3.4.3
      '@vue/shared': 3.4.3
      estree-walker: 2.0.2
      magic-string: 0.30.5
      postcss: 8.4.32
      source-map-js: 1.0.2

  '@vue/compiler-ssr@3.4.3':
    dependencies:
      '@vue/compiler-dom': 3.4.3
      '@vue/shared': 3.4.3

  '@vue/language-core@1.8.27(typescript@5.3.3)':
    dependencies:
      '@volar/language-core': 1.11.1
      '@volar/source-map': 1.11.1
      '@vue/compiler-dom': 3.4.3
      '@vue/shared': 3.4.3
      computeds: 0.0.1
      minimatch: 9.0.3
      muggle-string: 0.3.1
      path-browserify: 1.0.1
      typescript: 5.3.3
      vue-template-compiler: 2.7.16

  '@vue/reactivity@3.4.3':
    dependencies:
      '@vue/shared': 3.4.3

  '@vue/runtime-core@3.4.3':
    dependencies:
      '@vue/reactivity': 3.4.3
      '@vue/shared': 3.4.3

  '@vue/runtime-dom@3.4.3':
    dependencies:
      '@vue/runtime-core': 3.4.3
      '@vue/shared': 3.4.3
      csstype: 3.1.3

  '@vue/server-renderer@3.4.3(vue@3.4.3)':
    dependencies:
      '@vue/compiler-ssr': 3.4.3
      '@vue/shared': 3.4.3
      vue: 3.4.3(typescript@5.3.3)

  '@vue/shared@3.4.3': {}

  ajv@6.12.6:
    dependencies:
      fast-deep-equal: 3.1.3
      fast-json-stable-stringify: 2.1.0
      json-schema-traverse: 0.4.1
      uri-js: 4.4.1

  argparse@1.0.10:
    dependencies:
      sprintf-js: 1.0.3

  balanced-match@1.0.2: {}

  brace-expansion@2.0.1:
    dependencies:
      balanced-match: 1.0.2

  colors@1.2.5: {}

  commander@9.5.0:
    optional: true

  computeds@0.0.1: {}

  csstype@3.1.3: {}

  de-indent@1.0.2: {}

  debug@4.3.4:
    dependencies:
      ms: 2.1.2

  entities@4.5.0: {}

  esbuild@0.19.11:
    optionalDependencies:
      '@esbuild/aix-ppc64': 0.19.11
      '@esbuild/android-arm': 0.19.11
      '@esbuild/android-arm64': 0.19.11
      '@esbuild/android-x64': 0.19.11
      '@esbuild/darwin-arm64': 0.19.11
      '@esbuild/darwin-x64': 0.19.11
      '@esbuild/freebsd-arm64': 0.19.11
      '@esbuild/freebsd-x64': 0.19.11
      '@esbuild/linux-arm': 0.19.11
      '@esbuild/linux-arm64': 0.19.11
      '@esbuild/linux-ia32': 0.19.11
      '@esbuild/linux-loong64': 0.19.11
      '@esbuild/linux-mips64el': 0.19.11
      '@esbuild/linux-ppc64': 0.19.11
      '@esbuild/linux-riscv64': 0.19.11
      '@esbuild/linux-s390x': 0.19.11
      '@esbuild/linux-x64': 0.19.11
      '@esbuild/netbsd-x64': 0.19.11
      '@esbuild/openbsd-x64': 0.19.11
      '@esbuild/sunos-x64': 0.19.11
      '@esbuild/win32-arm64': 0.19.11
      '@esbuild/win32-ia32': 0.19.11
      '@esbuild/win32-x64': 0.19.11

  estree-walker@2.0.2: {}

  fast-deep-equal@3.1.3: {}

  fast-json-stable-stringify@2.1.0: {}

  fs-extra@7.0.1:
    dependencies:
      graceful-fs: 4.2.11
      jsonfile: 4.0.0
      universalify: 0.1.2

  fsevents@2.3.3:
    optional: true

  function-bind@1.1.2: {}

  graceful-fs@4.2.11: {}

  hasown@2.0.0:
    dependencies:
      function-bind: 1.1.2

  he@1.2.0: {}

  import-lazy@4.0.0: {}

  is-core-module@2.13.1:
    dependencies:
      hasown: 2.0.0

  jju@1.4.0: {}

  json-schema-traverse@0.4.1: {}

  jsonfile@4.0.0:
    optionalDependencies:
      graceful-fs: 4.2.11

  kolorist@1.8.0: {}

  lodash.get@4.4.2: {}

  lodash.isequal@4.5.0: {}

  lodash@4.17.21: {}

  lru-cache@6.0.0:
    dependencies:
      yallist: 4.0.0

  magic-string@0.30.5:
    dependencies:
      '@jridgewell/sourcemap-codec': 1.4.15

  minimatch@9.0.3:
    dependencies:
      brace-expansion: 2.0.1

  ms@2.1.2: {}

  muggle-string@0.3.1: {}

  nanoid@3.3.7: {}

  path-browserify@1.0.1: {}

  path-parse@1.0.7: {}

  picocolors@1.0.0: {}

  picomatch@2.3.1: {}

  postcss@8.4.32:
    dependencies:
      nanoid: 3.3.7
      picocolors: 1.0.0
      source-map-js: 1.0.2

  punycode@2.3.1: {}

  resolve@1.19.0:
    dependencies:
      is-core-module: 2.13.1
      path-parse: 1.0.7

  resolve@1.22.8:
    dependencies:
      is-core-module: 2.13.1
      path-parse: 1.0.7
      supports-preserve-symlinks-flag: 1.0.0

  rollup@4.9.2:
    optionalDependencies:
      '@rollup/rollup-android-arm-eabi': 4.9.2
      '@rollup/rollup-android-arm64': 4.9.2
      '@rollup/rollup-darwin-arm64': 4.9.2
      '@rollup/rollup-darwin-x64': 4.9.2
      '@rollup/rollup-linux-arm-gnueabihf': 4.9.2
      '@rollup/rollup-linux-arm64-gnu': 4.9.2
      '@rollup/rollup-linux-arm64-musl': 4.9.2
      '@rollup/rollup-linux-riscv64-gnu': 4.9.2
      '@rollup/rollup-linux-x64-gnu': 4.9.2
      '@rollup/rollup-linux-x64-musl': 4.9.2
      '@rollup/rollup-win32-arm64-msvc': 4.9.2
      '@rollup/rollup-win32-ia32-msvc': 4.9.2
      '@rollup/rollup-win32-x64-msvc': 4.9.2
      fsevents: 2.3.3

  semver@7.5.4:
    dependencies:
      lru-cache: 6.0.0

  source-map-js@1.0.2: {}

  source-map@0.6.1: {}

  sprintf-js@1.0.3: {}

  string-argv@0.3.2: {}

  strip-json-comments@3.1.1: {}

  supports-preserve-symlinks-flag@1.0.0: {}

  to-fast-properties@2.0.0: {}

  typescript@5.3.3: {}

  universalify@0.1.2: {}

  uri-js@4.4.1:
    dependencies:
      punycode: 2.3.1

  validator@13.11.0: {}

  vite-plugin-dts@3.7.0(typescript@5.3.3)(vite@5.0.10):
    dependencies:
      '@microsoft/api-extractor': 7.39.0
      '@rollup/pluginutils': 5.1.0
      '@vue/language-core': 1.8.27(typescript@5.3.3)
      debug: 4.3.4
      kolorist: 1.8.0
      typescript: 5.3.3
      vite: 5.0.10
      vue-tsc: 1.8.27(typescript@5.3.3)
    transitivePeerDependencies:
      - '@types/node'
      - rollup
      - supports-color

  vite@5.0.10:
    dependencies:
      esbuild: 0.19.11
      postcss: 8.4.32
      rollup: 4.9.2
    optionalDependencies:
      fsevents: 2.3.3

  vue-template-compiler@2.7.16:
    dependencies:
      de-indent: 1.0.2
      he: 1.2.0

  vue-tsc@1.8.27(typescript@5.3.3):
    dependencies:
      '@volar/typescript': 1.11.1
      '@vue/language-core': 1.8.27(typescript@5.3.3)
      semver: 7.5.4
      typescript: 5.3.3

  vue@3.4.3(typescript@5.3.3):
    dependencies:
      '@vue/compiler-dom': 3.4.3
      '@vue/compiler-sfc': 3.4.3
      '@vue/runtime-dom': 3.4.3
      '@vue/server-renderer': 3.4.3(vue@3.4.3)
      '@vue/shared': 3.4.3
      typescript: 5.3.3

  yallist@4.0.0: {}

  z-schema@5.0.5:
    dependencies:
      lodash.get: 4.4.2
      lodash.isequal: 4.5.0
      validator: 13.11.0
    optionalDependencies:
      commander: 9.5.0
